
Microsoft Visual Studio Solution File, Format Version 12.00
# Visual Studio Version 17
VisualStudioVersion = 17.10.34916.146
MinimumVisualStudioVersion = 10.0.40219.1
Project("{9A19103F-16F7-4668-BE54-9A1E7A4F7556}") = "Lesson1", "Lesson1\Lesson1.csproj", "{AC508774-8AF1-4505-B215-A7CDE8A80259}"
EndProject
Project("{9A19103F-16F7-4668-BE54-9A1E7A4F7556}") = "BootstrapShop", "BootstrapShop\BootstrapShop.csproj", "{9100A294-8EC6-41A6-877F-AAE1E040E66F}"
EndProject
Project("{FAE04EC0-301F-11D3-BF4B-00C04F79EFBC}") = "DotNetDB", "DotNetDB\DotNetDB.csproj", "{78D3BC75-0BBC-4A3F-B3D8-F2360A0A60A0}"
EndProject
Global
	GlobalSection(SolutionConfigurationPlatforms) = preSolution
		Debug|Any CPU = Debug|Any CPU
		Release|Any CPU = Release|Any CPU
	EndGlobalSection
	GlobalSection(ProjectConfigurationPlatforms) = postSolution
		{AC508774-8AF1-4505-B215-A7CDE8A80259}.Debug|Any CPU.ActiveCfg = Debug|Any CPU
		{AC508774-8AF1-4505-B215-A7CDE8A80259}.Debug|Any CPU.Build.0 = Debug|Any CPU
		{AC508774-8AF1-4505-B215-A7CDE8A80259}.Release|Any CPU.ActiveCfg = Release|Any CPU
		{AC508774-8AF1-4505-B215-A7CDE8A80259}.Release|Any CPU.Build.0 = Release|Any CPU
		{9100A294-8EC6-41A6-877F-AAE1E040E66F}.Debug|Any CPU.ActiveCfg = Debug|Any CPU
		{9100A294-8EC6-41A6-877F-AAE1E040E66F}.Debug|Any CPU.Build.0 = Debug|Any CPU
		{9100A294-8EC6-41A6-877F-AAE1E040E66F}.Release|Any CPU.ActiveCfg = Release|Any CPU
		{9100A294-8EC6-41A6-877F-AAE1E040E66F}.Release|Any CPU.Build.0 = Release|Any CPU
		{78D3BC75-0BBC-4A3F-B3D8-F2360A0A60A0}.Debug|Any CPU.ActiveCfg = Debug|Any CPU
		{78D3BC75-0BBC-4A3F-B3D8-F2360A0A60A0}.Debug|Any CPU.Build.0 = Debug|Any CPU
		{78D3BC75-0BBC-4A3F-B3D8-F2360A0A60A0}.Release|Any CPU.ActiveCfg = Release|Any CPU
		{78D3BC75-0BBC-4A3F-B3D8-F2360A0A60A0}.Release|Any CPU.Build.0 = Release|Any CPU
	EndGlobalSection
	GlobalSection(SolutionProperties) = preSolution
		HideSolutionNode = FALSE
	EndGlobalSection
	GlobalSection(ExtensibilityGlobals) = postSolution
		SolutionGuid = {7D7B4460-A2EA-492B-BBF7-0C33B48E3A77}
	EndGlobalSection
EndGlobal
